
Microsoft Visual Studio Solution File, Format Version 12.00
# Visual Studio Version 17
VisualStudioVersion = 17.7.34024.191
MinimumVisualStudioVersion = 10.0.40219.1
Project("{FAE04EC0-301F-11D3-BF4B-00C04F79EFBC}") = "CreateMVC", "CreateMVC\CreateMVC.csproj", "{35828374-094B-4842-8231-B2A6DEAFE544}"
EndProject
Global
	GlobalSection(SolutionConfigurationPlatforms) = preSolution
		Debug|Any CPU = Debug|Any CPU
		Release|Any CPU = Release|Any CPU
	EndGlobalSection
	GlobalSection(ProjectConfigurationPlatforms) = postSolution
		{35828374-094B-4842-8231-B2A6DEAFE544}.Debug|Any CPU.ActiveCfg = Debug|Any CPU
		{35828374-094B-4842-8231-B2A6DEAFE544}.Debug|Any CPU.Build.0 = Debug|Any CPU
		{35828374-094B-4842-8231-B2A6DEAFE544}.Release|Any CPU.ActiveCfg = Release|Any CPU
		{35828374-094B-4842-8231-B2A6DEAFE544}.Release|Any CPU.Build.0 = Release|Any CPU
	EndGlobalSection
	GlobalSection(SolutionProperties) = preSolution
		HideSolutionNode = FALSE
	EndGlobalSection
	GlobalSection(ExtensibilityGlobals) = postSolution
		SolutionGuid = {B41EA2DA-1B24-45A5-902C-FD1E246E5E8C}
	EndGlobalSection
EndGlobal
