
Microsoft Visual Studio Solution File, Format Version 12.00
# Visual Studio Version 17
VisualStudioVersion = 17.6.33815.320
MinimumVisualStudioVersion = 10.0.40219.1
Project("{FAE04EC0-301F-11D3-BF4B-00C04F79EFBC}") = "ViduNet2", "ViduNet2\ViduNet2.csproj", "{9197D83D-218B-4F68-B448-E04C406C41B3}"
EndProject
Global
	GlobalSection(SolutionConfigurationPlatforms) = preSolution
		Debug|Any CPU = Debug|Any CPU
		Release|Any CPU = Release|Any CPU
	EndGlobalSection
	GlobalSection(ProjectConfigurationPlatforms) = postSolution
		{9197D83D-218B-4F68-B448-E04C406C41B3}.Debug|Any CPU.ActiveCfg = Debug|Any CPU
		{9197D83D-218B-4F68-B448-E04C406C41B3}.Debug|Any CPU.Build.0 = Debug|Any CPU
		{9197D83D-218B-4F68-B448-E04C406C41B3}.Release|Any CPU.ActiveCfg = Release|Any CPU
		{9197D83D-218B-4F68-B448-E04C406C41B3}.Release|Any CPU.Build.0 = Release|Any CPU
	EndGlobalSection
	GlobalSection(SolutionProperties) = preSolution
		HideSolutionNode = FALSE
	EndGlobalSection
	GlobalSection(ExtensibilityGlobals) = postSolution
		SolutionGuid = {4B66D94E-E8F2-4D97-9211-6F4472CD7A49}
	EndGlobalSection
EndGlobal
